github.com/Azure/go-ansiterm v0.0.0-20170929234023-d6e3b3328b78/go.mod h1:LmzpDX56iTiv29bbRTIsUNlaFfuhWRQBWjQdVyAevI8=
github.com/BurntSushi/toml v0.3.1/go.mod h1:xHWCNGjB5oqiDr8zfno3MHue2Ht5sIBksp03qcyfWMU=
github.com/Microsoft/go-winio v0.4.7/go.mod h1:VhR8bwka0BXejwEJY73c50VrPtXAaKcyvVC4A4RozmA=
github.com/Nvveen/Gotty v0.0.0-20120604004816-cd527374f1e5 h1:TngWCqHvy9oXAN6lEVMRuU21PR1EtLVZJmdB18Gu3Rw=
github.com/Nvveen/Gotty v0.0.0-20120604004816-cd527374f1e5/go.mod h1:lmUJ/7eu/Q8D7ML55dXQrVaamCz2vxCfdQBasLZfHKk=
github.com/OpenPeeDeeP/depguard v0.0.0-20180806142446-a69c782687b2 h1:HTOmFEEYrWi4MW5ZKUx6xfeyM10Sx3kQF65xiQJMPYA=
github.com/OpenPeeDeeP/depguard v0.0.0-20180806142446-a69c782687b2/go.mod h1:7/4sitnI9YlQgTLLk734QlzXT8DuHVnAyztLplQjk+o=
github.com/OpenPeeDeeP/depguard v0.0.0-20181229194401-1f388ab2d810 h1:pFks+oaqVWDFq0KsLQZFB2pQGB5Us0HfMSBENtieXOs=
github.com/OpenPeeDeeP/depguard v0.0.0-20181229194401-1f388ab2d810/go.mod h1:7/4sitnI9YlQgTLLk734QlzXT8DuHVnAyztLplQjk+o=
github.com/StackExchange/wmi v0.0.0-20180116203802-5d049714c4a6/go.mod h1:3eOhrUMpNV+6aFIbp5/iudMxNCF27Vw2OZgy4xEx0Fg=
github.com/StackExchange/wmi v0.0.0-20181212234831-e0a55b97c705/go.mod h1:3eOhrUMpNV+6aFIbp5/iudMxNCF27Vw2OZgy4xEx0Fg=
github.com/a8m/envsubst v1.0.0 h1:ZbmmB7yA6J52LbBn4yFol+xpr0+YhddU34EOY/ZthxE=
github.com/a8m/envsubst v1.0.0/go.mod h1:91m2Q6AZE0w4WD/laQam2MtWq6FxJVm7UqcB30DeYxw=
github.com/armon/consul-api v0.0.0-20180202201655-eb2c6b5be1b6/go.mod h1:grANhF5doyWs3UAsr3K4I6qtAmlQcZDesFNEHPZAzj8=
github.com/cenkalti/backoff v2.0.0+incompatible h1:5IIPUHhlnUZbcHQsQou5k1Tn58nJkeJL9U+ig5CHJbY=
github.com/cenkalti/backoff v2.0.0+incompatible/go.mod h1:90ReRw6GdpyfrHakVjL/QHaoyV4aDUVVkXQJJJ3NXXM=
github.com/containerd/continuity v0.0.0-20180416230128-c6cef3483023 h1:ydDbSX89iFHufaVN8xlS22aWpajSFfmXL+fQNWnhrIg=
github.com/containerd/continuity v0.0.0-20180416230128-c6cef3483023/go.mod h1:GL3xCUCBDV3CZiTSEKksMWbLE66hEyuu9qyDOOqM47Y=
github.com/coreos/etcd v3.3.10+incompatible/go.mod h1:uF7uidLiAD3TWHmW31ZFd/JWoc32PjwdhPthX9715RE=
github.com/coreos/go-etcd v2.0.0+incompatible/go.mod h1:Jez6KQU2B/sWsbdaef3ED8NzMklzPG4d5KIOhIy30Tk=
github.com/coreos/go-semver v0.2.0/go.mod h1:nnelYz7RCh+5ahJtPPxZlU+153eP4D4r3EedlOD2RNk=
github.com/creasty/defaults v1.2.1 h1:nEJEkblPW2TQiisfJtaQ2p4Y3LNXejR7DO/jTT6l2NQ=
github.com/creasty/defaults v1.2.1/go.mod h1:CIEEvs7oIVZm30R8VxtFJs+4k201gReYyuYHJxZc68I=
github.com/davecgh/go-spew v1.1.0/go.mod h1:J7Y8YcW2NihsgmVo/mv3lAwl/skON4iLHjSsI+c5H38=
github.com/davecgh/go-spew v1.1.1 h1:vj9j/u1bqnvCEfJOwUhtlOARqs3+rkHYY13jYWTU97c=
github.com/davecgh/go-spew v1.1.1/go.mod h1:J7Y8YcW2NihsgmVo/mv3lAwl/skON4iLHjSsI+c5H38=
github.com/docker/go-connections v0.3.0 h1:3lOnM9cSzgGwx8VfK/NGOW5fLQ0GjIlCkaktF+n1M6o=
github.com/docker/go-connections v0.3.0/go.mod h1:Gbd7IOopHjR8Iph03tsViu4nIes5XhDvyHbTtUxmeec=
github.com/docker/go-units v0.3.3 h1:Xk8S3Xj5sLGlG5g67hJmYMmUgXv5N4PhkjJHHqrwnTk=
github.com/docker/go-units v0.3.3/go.mod h1:fgPhTUdO+D/Jk86RDLlptpiXQzgHJF7gydDDbaIK4Dk=
github.com/fatih/color v1.6.0 h1:66qjqZk8kalYAvDRtM1AdAJQI0tj4Wrue3Eq3B3pmFU=
github.com/fatih/color v1.6.0/go.mod h1:Zm6kSWBoL9eyXnKyktHP6abPY2pDugNf5KwzbycvMj4=
github.com/fatih/color v1.7.0 h1:DkWD4oS2D8LGGgTQ6IvwJJXSL5Vp2ffcQg58nFV38Ys=
github.com/fatih/color v1.7.0/go.mod h1:Zm6kSWBoL9eyXnKyktHP6abPY2pDugNf5KwzbycvMj4=
github.com/fsnotify/fsnotify v1.4.7 h1:IXs+QLmnXW2CcXuY+8Mzv/fWEsPGWxqefPtCP5CnV9I=
github.com/fsnotify/fsnotify v1.4.7/go.mod h1:jwhsz4b93w/PPRr/qN1Yymfu8t87LnFCMoQvtojpjFo=
github.com/go-critic/checkers v0.0.0-20181204210945-97246d3b3c67 h1:AhL5n4pH/qzefJ64+0RbymXZSBsvgbBaVJQCcjFaJPw=
github.com/go-critic/checkers v0.0.0-20181204210945-97246d3b3c67/go.mod h1:Cg5JCP9M6m93z6fecpRcVgD2lZf2RvPtb85ldjiShZc=
github.com/go-lintpack/lintpack v0.5.1 h1:v5D/csM90cu5PANqkj1JcNZGX/mrr3Z2Wu7Q8KuFd9M=
github.com/go-lintpack/lintpack v0.5.1/go.mod h1:NwZuYi2nUHho8XEIZ6SIxihrnPoqBTDqfpXvXAN0sXM=
github.com/go-ole/go-ole v1.2.1/go.mod h1:7FAglXiTm7HKlQRDeOQ6ZNUHidzCWXuZWq/1dTyBNF8=
github.com/go-ole/go-ole v1.2.2/go.mod h1:7FAglXiTm7HKlQRDeOQ6ZNUHidzCWXuZWq/1dTyBNF8=
github.com/go-toolsmith/astcast v0.0.0-20181028201508-b7a89ed70af1 h1:h+1eMw+tZAlgTVclcVN0/rdPaBI/RUzG0peblT6df+Q=
github.com/go-toolsmith/astcast v0.0.0-20181028201508-b7a89ed70af1/go.mod h1:TEo3Ghaj7PsZawQHxT/oBvo4HK/sl1RcuUHDKTTju+o=
github.com/go-toolsmith/astcopy v0.0.0-20180903214859-79b422d080c4 h1:wVs9OMjICHbAryp9hcIuWqUOi+NqEbUSZy9zMe3W//I=
github.com/go-toolsmith/astcopy v0.0.0-20180903214859-79b422d080c4/go.mod h1:c9CPdq2AzM8oPomdlPniEfPAC6g1s7NqZzODt8y6ib8=
github.com/go-toolsmith/astequal v0.0.0-20180903214952-dcb477bfacd6 h1:aTBUNRTatDDU24gbOEKEoLiDwxtc98ga6K/iMTm6fvs=
github.com/go-toolsmith/astequal v0.0.0-20180903214952-dcb477bfacd6/go.mod h1:H+xSiq0+LtiDC11+h1G32h7Of5O3CYFJ99GVbS5lDKY=
github.com/go-toolsmith/astfmt v0.0.0-20180903215011-8f8ee99c3086 h1:EIMuvbE9fbtQtimdLe5yeXjuC5CeKbQt8zH6GwtIrhM=
github.com/go-toolsmith/astfmt v0.0.0-20180903215011-8f8ee99c3086/go.mod h1:mP93XdblcopXwlyN4X4uodxXQhldPGZbcEJIimQHrkg=
github.com/go-toolsmith/astp v0.0.0-20180903215135-0af7e3c24f30 h1:zRJPftZJNLPDiOtvYbFRwjSbaJAcVOf80TeEmWGe2kQ=
github.com/go-toolsmith/astp v0.0.0-20180903215135-0af7e3c24f30/go.mod h1:SV2ur98SGypH1UjcPpCatrV5hPazG6+IfNHbkDXBRrk=
github.com/go-toolsmith/pkgload v0.0.0-20181119091011-e9e65178eee8/go.mod h1:WoMrjiy4zvdS+Bg6z9jZH82QXwkcgCBX6nOfnmdaHks=
github.com/go-toolsmith/pkgload v0.0.0-20181120203407-5122569a890b/go.mod h1:WoMrjiy4zvdS+Bg6z9jZH82QXwkcgCBX6nOfnmdaHks=
github.com/go-toolsmith/strparse v0.0.0-20180903215201-830b6daa1241 h1:ZRDeQioMGTBLeJxcPxXfFifEUgYxzR7fXw7w2WR+1bo=
github.com/go-toolsmith/strparse v0.0.0-20180903215201-830b6daa1241/go.mod h1:YI2nUKP9YGZnL/L1/DLFBfixrcjslWct4wyljWhSRy8=
github.com/go-toolsmith/typep v0.0.0-20181030061450-d63dc7650676 h1:6Qrsp0+25KEkaS2bB26UE0giFgRrIc8mYXboDL5OVMA=
github.com/go-toolsmith/typep v0.0.0-20181030061450-d63dc7650676/go.mod h1:JSQCQMUPdRlMZFswiq3TGpNp1GMktqkR2Ns5AIQkATU=
github.com/gobwas/glob v0.2.3 h1:A4xDbljILXROh+kObIiy5kIaPYD8e96x1tgBhUI5J+Y=
github.com/gobwas/glob v0.2.3/go.mod h1:d3Ez4x06l9bZtSvzIay5+Yzi0fmZzPgnTbPcKjJAkT8=
github.com/gogo/protobuf v1.0.0 h1:2jyBKDKU/8v3v2xVR2PtiWQviFUyiaGk2rpfyFT8rTM=
github.com/gogo/protobuf v1.0.0/go.mod h1:r8qH/GZQm5c6nD/R0oafs1akxWv10x8SbQlK7atdtwQ=
github.com/gogo/protobuf v1.1.1/go.mod h1:r8qH/GZQm5c6nD/R0oafs1akxWv10x8SbQlK7atdtwQ=
github.com/gogo/protobuf v1.2.0 h1:xU6/SpYbvkNYiptHJYEDRseDLvYE7wSqhYYNy0QSUzI=
github.com/gogo/protobuf v1.2.0/go.mod h1:r8qH/GZQm5c6nD/R0oafs1akxWv10x8SbQlK7atdtwQ=
github.com/golang/mock v1.1.1 h1:G5FRp8JnTd7RQH5kemVNlMeyXQAztQ3mOWV95KxsXH8=
github.com/golang/mock v1.1.1/go.mod h1:oTYuIxOrZwtPieC+H1uAHpcLFnEyAGVDL/k47Jfbm0A=
github.com/golang/mock v1.2.0 h1:28o5sBqPkBsMGnC6b4MvE2TzSr5/AT4c/1fLqVGIwlk=
github.com/golang/mock v1.2.0/go.mod h1:oTYuIxOrZwtPieC+H1uAHpcLFnEyAGVDL/k47Jfbm0A=
github.com/golang/protobuf v1.2.0/go.mod h1:6lQm79b+lXiMfvg/cZm0SGofjICqVBUtrP5yJMmIC1U=
github.com/golangci/check v0.0.0-20180506172741-cfe4005ccda2 h1:23T5iq8rbUYlhpt5DB4XJkc6BU31uODLD1o1gKvZmD0=
github.com/golangci/check v0.0.0-20180506172741-cfe4005ccda2/go.mod h1:k9Qvh+8juN+UKMCS/3jFtGICgW8O96FVaZsaxdzDkR4=
github.com/golangci/dupl v0.0.0-20180902072040-3e9179ac440a h1:w8hkcTqaFpzKqonE9uMCefW1WDie15eSP/4MssdenaM=
github.com/golangci/dupl v0.0.0-20180902072040-3e9179ac440a/go.mod h1:ryS0uhF+x9jgbj/N71xsEqODy9BN81/GonCZiOzirOk=
github.com/golangci/errcheck v0.0.0-20181003203344-ef45e06d44b6 h1:i2jIkQFb8RG45DuQs+ElyROY848cSJIoIkBM+7XXypA=
github.com/golangci/errcheck v0.0.0-20181003203344-ef45e06d44b6/go.mod h1:DbHgvLiFKX1Sh2T1w8Q/h4NAI8MHIpzCdnBUDTXU3I0=
github.com/golangci/errcheck v0.0.0-20181223084120-ef45e06d44b6 h1:YYWNAGTKWhKpcLLt7aSj/odlKrSrelQwlovBpDuf19w=
github.com/golangci/errcheck v0.0.0-20181223084120-ef45e06d44b6/go.mod h1:DbHgvLiFKX1Sh2T1w8Q/h4NAI8MHIpzCdnBUDTXU3I0=
github.com/golangci/go-misc v0.0.0-20180628070357-927a3d87b613 h1:WadunOE/TeHR8U7f0TXiJACHeU3cuFOXuKafw4rozqU=
github.com/golangci/go-misc v0.0.0-20180628070357-927a3d87b613/go.mod h1:SyvUF2NxV+sN8upjjeVYr5W7tyxaT1JVtvhKhOn2ii8=
github.com/golangci/go-tools v0.0.0-20180902103155-93eecd106a0b h1:FSrt9JBK7JINu5UobyIF6epfpjL66H+67KZoTbE0zwk=
github.com/golangci/go-tools v0.0.0-20180902103155-93eecd106a0b/go.mod h1:unzUULGw35sjyOYjUt0jMTXqHlZPpPc6e+xfO4cd6mM=
github.com/golangci/goconst v0.0.0-20180610141641-041c5f2b40f3 h1:pe9JHs3cHHDQgOFXJJdYkK6fLz2PWyYtP4hthoCMvs8=
github.com/golangci/goconst v0.0.0-20180610141641-041c5f2b40f3/go.mod h1:JXrF4TWy4tXYn62/9x8Wm/K/dm06p8tCKwFRDPZG/1o=
github.com/golangci/gocyclo v0.0.0-20180528134321-2becd97e67ee h1:J2XAy40+7yz70uaOiMbNnluTg7gyQhtGqLQncQh+4J8=
github.com/golangci/gocyclo v0.0.0-20180528134321-2becd97e67ee/go.mod h1:ozx7R9SIwqmqf5pRP90DhR2Oay2UIjGuKheCBCNwAYU=
github.com/golangci/gocyclo v0.0.0-20180528144436-0a533e8fa43d h1:pXTK/gkVNs7Zyy7WKgLXmpQ5bHTrq5GDsp8R9Qs67g0=
github.com/golangci/gocyclo v0.0.0-20180528144436-0a533e8fa43d/go.mod h1:ozx7R9SIwqmqf5pRP90DhR2Oay2UIjGuKheCBCNwAYU=
github.com/golangci/gofmt v0.0.0-20181105071733-0b8337e80d98 h1:ir6/L2ZOJfFrJlOTsuf/hlzdPuUwXV/VzkSlgS6f1vs=
github.com/golangci/gofmt v0.0.0-20181105071733-0b8337e80d98/go.mod h1:9qCChq59u/eW8im404Q2WWTrnBUQKjpNYKMbU4M7EFU=
github.com/golangci/gofmt v0.0.0-20181222123516-0b8337e80d98 h1:0OkFarm1Zy2CjCiDKfK9XHgmc2wbDlRMD2hD8anAJHU=
github.com/golangci/gofmt v0.0.0-20181222123516-0b8337e80d98/go.mod h1:9qCChq59u/eW8im404Q2WWTrnBUQKjpNYKMbU4M7EFU=
github.com/golangci/golangci-lint v1.12.5 h1:YY6rL4jOuF4P4CKfxaAVMlTMgs8c7e1RlXiHwc28KSs=
github.com/golangci/golangci-lint v1.12.5/go.mod h1:iMfuFWFYJ1CZxlMQfNWvPj3c22PuyUkw9RQ1UfhDFDk=
github.com/golangci/gosec v0.0.0-20180901114220-8afd9cbb6cfb h1:Bi7BYmZVg4C+mKGi8LeohcP2GGUl2XJD4xCkJoZSaYc=
github.com/golangci/gosec v0.0.0-20180901114220-8afd9cbb6cfb/go.mod h1:ON/c2UR0VAAv6ZEAFKhjCLplESSmRFfZcDLASbI1GWo=
github.com/golangci/govet v0.0.0-20180818181408-44ddbe260190 h1:SLIgprnxQNjBpkz55PK1vfb64/gKU/TgVi0obFw8Lec=
github.com/golangci/govet v0.0.0-20180818181408-44ddbe260190/go.mod h1:pPwb+AK755h3/r73avHz5bEN6sa51/2HEZlLaV53hCo=
github.com/golangci/ineffassign v0.0.0-20180808204949-2ee8f2867dde h1:qEGp3ZF1Qw6TkbWKn6GdJ12Ssu/CpJBaBcJ4hrUjrSo=
github.com/golangci/ineffassign v0.0.0-20180808204949-2ee8f2867dde/go.mod h1:e5tpTHCfVze+7EpLEozzMB3eafxo2KT5veNg1k6byQU=
github.com/golangci/interfacer v0.0.0-20180902080945-01958817a6ec h1:rvg392QhtAd/yOevPRX4wzYMIDYyq99j9MV+Mb1uVHs=
github.com/golangci/interfacer v0.0.0-20180902080945-01958817a6ec/go.mod h1:yBorupihJ5OYDFE7/EZwrslyNyZaaidqqVptYTcNxnk=
github.com/golangci/lint v0.0.0-20170908181259-c2187e7932b5/go.mod h1:zs8jPuoOp76KrjiydDqO3CGeS4v9gq77HNNiYcxxTGw=
github.com/golangci/lint v0.0.0-20180902080404-c2187e7932b5 h1:9NYm50bkzER4RayDaggNjxF5kesUJREASyFgk4AcIis=
github.com/golangci/lint v0.0.0-20180902080404-c2187e7932b5/go.mod h1:zs8jPuoOp76KrjiydDqO3CGeS4v9gq77HNNiYcxxTGw=
github.com/golangci/lint-1 v0.0.0-20180610141402-4bf9709227d1 h1:PHK2kIh21Zt4IcG0bBRzQwEDVKF64LnkoSXnm8lfJUk=
github.com/golangci/lint-1 v0.0.0-20180610141402-4bf9709227d1/go.mod h1:/X8TswGSh1pIozq4ZwCfxS0WA5JGXguxk94ar/4c87Y=
github.com/golangci/lint-1 v0.0.0-20181222135242-d2cdd8c08219 h1:utua3L2IbQJmauC5IXdEA547bcoU5dozgQAfc8Onsg4=
github.com/golangci/lint-1 v0.0.0-20181222135242-d2cdd8c08219/go.mod h1:/X8TswGSh1pIozq4ZwCfxS0WA5JGXguxk94ar/4c87Y=
github.com/golangci/maligned v0.0.0-20180506175553-b1d89398deca h1:kNY3/svz5T29MYHubXix4aDDuE3RWHkPvopM/EDv/MA=
github.com/golangci/maligned v0.0.0-20180506175553-b1d89398deca/go.mod h1:tvlJhZqDe4LMs4ZHD0oMUlt9G2LWuDGoisJTBzLMV9o=
github.com/golangci/misspell v0.0.0-20180809174111-950f5d19e770 h1:EL/O5HGrF7Jaq0yNhBLucz9hTuRzj2LdwGBOaENgxIk=
github.com/golangci/misspell v0.0.0-20180809174111-950f5d19e770/go.mod h1:dEbvlSfYbMQDtrpRMQU675gSDLDNa8sCPPChZ7PhiVA=
github.com/golangci/prealloc v0.0.0-20180630174525-215b22d4de21 h1:leSNB7iYzLYSSx3J/s5sVf4Drkc68W2wm4Ixh/mr0us=
github.com/golangci/prealloc v0.0.0-20180630174525-215b22d4de21/go.mod h1:tf5+bzsHdTM0bsB7+8mt0GUMvjCgwLpTapNZHU8AajI=
github.com/golangci/revgrep v0.0.0-20180526074752-d9c87f5ffaf0 h1:HVfrLniijszjS1aiNg8JbBMO2+E1WIQ+j/gL4SQqGPg=
github.com/golangci/revgrep v0.0.0-20180526074752-d9c87f5ffaf0/go.mod h1:qOQCunEYvmd/TLamH+7LlVccLvUH5kZNhbCgTHoBbp4=
github.com/golangci/revgrep v0.0.0-20180812185044-276a5c0a1039 h1:XQKc8IYQOeRwVs36tDrEmTgDgP88d5iEURwpmtiAlOM=
github.com/golangci/revgrep v0.0.0-20180812185044-276a5c0a1039/go.mod h1:qOQCunEYvmd/TLamH+7LlVccLvUH5kZNhbCgTHoBbp4=
github.com/golangci/tools v0.0.0-20180902102414-2cefd77fef9b h1:3hI7NZ9D3edEBVbN6V1urHWbFKJfcIlOFvX5m10jB88=
github.com/golangci/tools v0.0.0-20180902102414-2cefd77fef9b/go.mod h1:zgj6NOYXOC1cexsdtDceI4/mj3aXK4JOVg9AV3C5LWI=
github.com/golangci/tools v0.0.0-20181110070903-2cefd77fef9b h1:NDqf8r/1kLpBTJff5mz28+gPbHg1Gto8b0LgF7oBgaE=
github.com/golangci/tools v0.0.0-20181110070903-2cefd77fef9b/go.mod h1:zgj6NOYXOC1cexsdtDceI4/mj3aXK4JOVg9AV3C5LWI=
github.com/golangci/unconvert v0.0.0-20180507085042-28b1c447d1f4 h1:zwtduBRr5SSWhqsYNgcuWO2kFlpdOZbP0+yRjmvPGys=
github.com/golangci/unconvert v0.0.0-20180507085042-28b1c447d1f4/go.mod h1:Izgrg8RkN3rCIMLGE9CyYmU9pY2Jer6DgANEnZ/L/cQ=
github.com/golangci/unparam v0.0.0-20180902112548-7ad9dbcccc16 h1:QURX/XMP2uJUzzEvfJ291v1snmbJuyznAJLSQVnPyko=
github.com/golangci/unparam v0.0.0-20180902112548-7ad9dbcccc16/go.mod h1:KW2L33j82vo0S0U6RP6uUQSuat+0Q457Yf+1mXC98/M=
github.com/golangci/unparam v0.0.0-20180902115109-7ad9dbcccc16 h1:N1Q/7SFflo/5ooRJ5402eQWEzKOZrX12VQmAC7N5rn8=
github.com/golangci/unparam v0.0.0-20180902115109-7ad9dbcccc16/go.mod h1:KW2L33j82vo0S0U6RP6uUQSuat+0Q457Yf+1mXC98/M=
github.com/google/go-cmp v0.2.0/go.mod h1:oXzfMopK8JAjlY9xF4vHSVASa0yLyX7SntLO5aqRK0M=
github.com/hashicorp/hcl v0.0.0-20180404174102-ef8a98b0bbce h1:xdsDDbiBDQTKASoGEZ+pEmF1OnWuu8AQ9I8iNbHNeno=
github.com/hashicorp/hcl v0.0.0-20180404174102-ef8a98b0bbce/go.mod h1:oZtUIOe8dh44I2q6ScRibXws4Ajl+d+nod3AaR9vL5w=
github.com/hashicorp/hcl v1.0.0 h1:0Anlzjpi4vEasTeNFn2mLJgTSwt0+6sfsiTG8qcWGx4=
github.com/hashicorp/hcl v1.0.0/go.mod h1:E5yfLk+7swimpb2L/Alb/PJmXilQ/rhwaUYs4T20WEQ=
github.com/hpcloud/tail v1.0.0/go.mod h1:ab1qPbhIpdTxEkNHXyeSf5vhxWSCs/tWer42PpOxQnU=
github.com/inconshreveable/mousetrap v1.0.0/go.mod h1:PxqpIevigyE2G7u3NXJIT2ANytuPF1OarO4DADm73n8=
github.com/kisielk/gotool v1.0.0 h1:AV2c/EiW3KqPNT9ZKl07ehoAGi4C5/01Cfbblndcapg=
github.com/kisielk/gotool v1.0.0/go.mod h1:XhKaO+MFFWcvkIS/tQcRk01m1F5IRFswLeQ+oQHNcck=
github.com/konsorten/go-windows-terminal-sequences v1.0.1/go.mod h1:T0+1ngSBFLxvqU3pZ+m/2kptfBszLMUkC4ZK/EgS/cQ=
github.com/leandro-lugaresi/hub v1.1.0 h1:yHYA0WsMYaJd+I6J24nYlCP2CFD4RTnhaHCRmKjv3q4=
github.com/leandro-lugaresi/hub v1.1.0/go.mod h1:IVKrfZTYfU1SbWCGQMHNGYdW4j1Pl7Cg8gr6sSeT/84=
github.com/logrusorgru/aurora v0.0.0-20181002194514-a7b3b318ed4e/go.mod h1:7rIyQOR62GCctdiQpZ/zOJlFyk6y+94wXzv6RNZgaR4=
github.com/magiconair/properties v1.7.6 h1:U+1DqNen04MdEPgFiIwdOUiqZ8qPa37xgogX/sd3+54=
github.com/magiconair/properties v1.7.6/go.mod h1:PppfXfuXeibc/6YijjN8zIbojt8czPbwD3XqdrwzmxQ=
github.com/magiconair/properties v1.8.0 h1:LLgXmsheXeRoUOBOjtwPQCWIYqM/LU1ayDtDePerRcY=
github.com/magiconair/properties v1.8.0/go.mod h1:PppfXfuXeibc/6YijjN8zIbojt8czPbwD3XqdrwzmxQ=
github.com/mattn/go-colorable v0.0.9 h1:UVL0vNpWh04HeJXV0KLcaT7r06gOH2l4OW6ddYRUIY4=
github.com/mattn/go-colorable v0.0.9/go.mod h1:9vuHe8Xs5qXnSaW/c/ABM9alt+Vo+STaOChaDxuIBZU=
github.com/mattn/go-isatty v0.0.3 h1:ns/ykhmWi7G9O+8a448SecJU3nSMBXJfqQkl0upE1jI=
github.com/mattn/go-isatty v0.0.3/go.mod h1:M+lRXTBqGeGNdLjl/ufCoiOlB5xdOkqRJdNxMWT7Zi4=
github.com/mattn/go-isatty v0.0.4 h1:bnP0vzxcAdeI1zdubAl5PjU6zsERjGZb7raWodagDYs=
github.com/mattn/go-isatty v0.0.4/go.mod h1:M+lRXTBqGeGNdLjl/ufCoiOlB5xdOkqRJdNxMWT7Zi4=
github.com/mattn/go-runewidth v0.0.3/go.mod h1:LwmH8dsx7+W8Uxz3IHJYH5QSwggIsqBzpuz5H//U1FU=
github.com/mattn/go-runewidth v0.0.4 h1:2BvfKmzob6Bmd4YsL0zygOqfdFnK7GR4QL06Do4/p7Y=
github.com/mattn/go-runewidth v0.0.4/go.mod h1:LwmH8dsx7+W8Uxz3IHJYH5QSwggIsqBzpuz5H//U1FU=
github.com/mfridman/tparse v0.7.1 h1:6blkx/j0/hnkNtcztEUQVJhYflljfEi2V6QFd+NWBso=
github.com/mfridman/tparse v0.7.1/go.mod h1:9nyuYtIhmWbFHeEe5BLTkX0wFp1Ar2nSXyd30hBrpF0=
github.com/michaelklishin/rabbit-hole v1.4.0 h1:g80Jk11TqfI09Yn7FRze547z0FqNtU0IQH1O1GpDQvk=
github.com/michaelklishin/rabbit-hole v1.4.0/go.mod h1:vvI1uOitYZi0O5HEGXhaWC1XT80Gy+HvFheJ+5Krlhk=
github.com/mitchellh/go-homedir v1.0.0 h1:vKb8ShqSby24Yrqr/yDYkuFz8d0WUjys40rvnGC8aR0=
github.com/mitchellh/go-homedir v1.0.0/go.mod h1:SfyaCUpYCn1Vlf4IUYiD9fPX4A5wJrkLzIz1N1q0pr0=
github.com/mitchellh/go-ps v0.0.0-20170309133038-4fdf99ab2936/go.mod h1:r1VsdOzOPt1ZSrGZWFoNhsAedKnEd6r9Np1+5blZCWk=
github.com/mitchellh/mapstructure v0.0.0-20180220230111-00c29f56e238 h1:+MZW2uvHgN8kYvksEN3f7eFL2wpzk0GxmlFsMybWc7E=
github.com/mitchellh/mapstructure v0.0.0-20180220230111-00c29f56e238/go.mod h1:FVVH3fgwuzCH5S8UJGiWEs2h04kUh9fWfEaFds41c1Y=
github.com/mitchellh/mapstructure v1.1.2 h1:fmNYVwqnSfB9mZU6OS2O6GsXM+wcskZDuKQzvN1EDeE=
github.com/mitchellh/mapstructure v1.1.2/go.mod h1:FVVH3fgwuzCH5S8UJGiWEs2h04kUh9fWfEaFds41c1Y=
github.com/nbutton23/zxcvbn-go v0.0.0-20171102151520-eafdab6b0663 h1:Ri1EhipkbhWsffPJ3IPlrb4SkTOPa2PfRXp3jchBczw=
github.com/nbutton23/zxcvbn-go v0.0.0-20171102151520-eafdab6b0663/go.mod h1:o96djdrsSGy3AWPyBgZMAGfxZNfgntdJG+11KU4QvbU=
github.com/nbutton23/zxcvbn-go v0.0.0-20180912185939-ae427f1e4c1d h1:AREM5mwr4u1ORQBMvzfzBgpsctsbQikCVpvC+tX285E=
github.com/nbutton23/zxcvbn-go v0.0.0-20180912185939-ae427f1e4c1d/go.mod h1:o96djdrsSGy3AWPyBgZMAGfxZNfgntdJG+11KU4QvbU=
github.com/olekukonko/tablewriter v0.0.0-20180912035003-be2c049b30cc/go.mod h1:vsDQFd/mU46D+Z4whnwzcISnGGzXWMclvtLoiIKAKIo=
github.com/olekukonko/tablewriter v0.0.1 h1:b3iUnf1v+ppJiOfNX4yxxqfWKMQPZR5yoh8urCTFX88=
github.com/olekukonko/tablewriter v0.0.1/go.mod h1:vsDQFd/mU46D+Z4whnwzcISnGGzXWMclvtLoiIKAKIo=
github.com/onsi/ginkgo v1.6.0/go.mod h1:lLunBs/Ym6LB5Z9jYTR76FiuTmxDTDusOGeTQH+WWjE=
github.com/onsi/ginkgo v1.7.0/go.mod h1:lLunBs/Ym6LB5Z9jYTR76FiuTmxDTDusOGeTQH+WWjE=
github.com/onsi/gomega v1.4.2/go.mod h1:ex+gbHU/CVuBBDIJjb2X0qEXbFg53c61hWP/1CpauHY=
github.com/onsi/gomega v1.4.3/go.mod h1:ex+gbHU/CVuBBDIJjb2X0qEXbFg53c61hWP/1CpauHY=
github.com/opencontainers/go-digest v1.0.0-rc1 h1:WzifXhOVOEOuFYOJAW6aQqW0TooG2iki3E3Ii+WN7gQ=
github.com/opencontainers/go-digest v1.0.0-rc1/go.mod h1:cMLVZDEM3+U2I4VmLI6N8jQYUd2OVphdqWwCJHrFt2s=
github.com/opencontainers/image-spec v1.0.1 h1:JMemWkRwHx4Zj+fVxWoMCFm/8sYGGrUVojFA6h/TRcI=
github.com/opencontainers/image-spec v1.0.1/go.mod h1:BtxoFyWECRxE4U/7sNtV5W15zMzWCbyJoFRP3s7yZA0=
github.com/opencontainers/runc v0.1.1 h1:GlxAyO6x8rfZYN9Tt0Kti5a/cP41iuiO2yYT0IJGY8Y=
github.com/opencontainers/runc v0.1.1/go.mod h1:qT5XzbpPznkRYVz/mWwUaVBUv2rmF59PVA73FjuZG0U=
github.com/ory/dockertest v3.3.0+incompatible h1:r+Us+ELHPI8CudFL+l/wr7CrG6phWQ8jaqX0Sgx+OF0=
github.com/ory/dockertest v3.3.0+incompatible/go.mod h1:1vX4m9wsvi00u5bseYwXaSnhNrne+V0E6LAcBILJdPs=
github.com/pelletier/go-toml v1.1.0 h1:cmiOvKzEunMsAxyhXSzpL5Q1CRKpVv0KQsnAIcSEVYM=
github.com/pelletier/go-toml v1.1.0/go.mod h1:5z9KED0ma1S8pY6P1sdut58dfprrGBbd/94hg7ilaic=
github.com/pelletier/go-toml v1.2.0 h1:T5zMGML61Wp+FlcbWjRDT7yAxhJNAiPPLOFECq181zc=
github.com/pelletier/go-toml v1.2.0/go.mod h1:5z9KED0ma1S8pY6P1sdut58dfprrGBbd/94hg7ilaic=
github.com/pkg/errors v0.8.0 h1:WdK/asTD0HN+q6hsWO3/vpuAkAr+tw6aNJNDFFf0+qw=
github.com/pkg/errors v0.8.0/go.mod h1:bwawxfHBFNV+L2hUp1rHADufV3IMtnDRdf1r5NINEl0=
github.com/pmezard/go-difflib v1.0.0 h1:4DBwDE0NGyQoBHbLQYPwSUPoCMWR5BEzIk/f1lZbAQM=
github.com/pmezard/go-difflib v1.0.0/go.mod h1:iKH77koFhYxTK1pcRnkKkqfTogsbg7gZNVY4sRDYZ/4=
github.com/rafaeljesus/retry-go v0.0.0-20171214204623-5981a380a879 h1:N482aqhcEGG1KL8VfsMUh1hAndWSXZyxlzroog7oq9w=
github.com/rafaeljesus/retry-go v0.0.0-20171214204623-5981a380a879/go.mod h1:uve1vRfWBCIE8f4CrhS1UfYxdHnLMjpl6KOKA7IkH5g=
github.com/rs/zerolog v1.6.0 h1:MIbb0f94AuCzp0f4qdwfbi20VM8JcjoLbahiBHJEqwY=
github.com/rs/zerolog v1.6.0/go.mod h1:YbFCdg8HfsridGWAh22vktObvhZbQsZXe4/zB0OKkWU=
github.com/shirou/gopsutil v0.0.0-20180427012116-c95755e4bcd7/go.mod h1:5b4v6he4MtMOwMlS0TUMTu2PcXUg8+E1lC7eC3UO/RA=
github.com/shirou/gopsutil v2.18.12+incompatible/go.mod h1:5b4v6he4MtMOwMlS0TUMTu2PcXUg8+E1lC7eC3UO/RA=
github.com/shirou/w32 v0.0.0-20160930032740-bb4de0191aa4/go.mod h1:qsXQc7+bwAM3Q1u/4XEfrquwF8Lw7D7y5cD8CuHnfIc=
github.com/shurcooL/go v0.0.0-20180423040247-9e1955d9fb6e/go.mod h1:TDJrrUr11Vxrven61rcy3hJMUqaf/CLWYhHNPmT14Lk=
github.com/shurcooL/go v0.0.0-20181215222900-0143a8f55f04/go.mod h1:TDJrrUr11Vxrven61rcy3hJMUqaf/CLWYhHNPmT14Lk=
github.com/shurcooL/go-goon v0.0.0-20170922171312-37c2f522c041/go.mod h1:N5mDOmsrJOB+vfqUK+7DmDyjhSLIIBnXo9lvZJj3MWQ=
github.com/sirupsen/logrus v1.0.5 h1:8c8b5uO0zS4X6RPl/sd1ENwSkIc0/H2PaHxE3udaE8I=
github.com/sirupsen/logrus v1.0.5/go.mod h1:pMByvHTf9Beacp5x1UXfOR9xyW/9antXMhjMPG0dEzc=
github.com/sirupsen/logrus v1.2.0 h1:juTguoYk5qI21pwyTXY3B3Y5cOTH3ZUyZCg1v/mihuo=
github.com/sirupsen/logrus v1.2.0/go.mod h1:LxeOpSwHxABJmUn/MG1IvRgCAasNZTLOkJPxbbu5VWo=
github.com/spf13/afero v1.1.0 h1:bopulORc2JeYaxfHLvJa5NzxviA9PoWhpiiJkru7Ji4=
github.com/spf13/afero v1.1.0/go.mod h1:j4pytiNVoe2o6bmDsKpLACNPDBIoEAkihy7loJ1B0CQ=
github.com/spf13/afero v1.1.2/go.mod h1:j4pytiNVoe2o6bmDsKpLACNPDBIoEAkihy7loJ1B0CQ=
github.com/spf13/afero v1.2.0 h1:O9FblXGxoTc51M+cqr74Bm2Tmt4PvkA5iu/j8HrkNuY=
github.com/spf13/afero v1.2.0/go.mod h1:9ZxEEn6pIJ8Rxe320qSDBk6AsU0r9pR7Q4OcevTdifk=
github.com/spf13/cast v1.2.0 h1:HHl1DSRbEQN2i8tJmtS6ViPyHx35+p51amrdsiTCrkg=
github.com/spf13/cast v1.2.0/go.mod h1:r2rcYCSwa1IExKTDiTfzaxqT2FNHs8hODu4LnUfgKEg=
github.com/spf13/cast v1.3.0 h1:oget//CVOEoFewqQxwr0Ej5yjygnqGkvggSE/gB35Q8=
github.com/spf13/cast v1.3.0/go.mod h1:Qx5cxh0v+4UWYiBimWS+eyWzqEqokIECu5etghLkUJE=
github.com/spf13/cobra v0.0.2/go.mod h1:1l0Ry5zgKvJasoi3XT1TypsSe7PqH0Sj9dhYf7v3XqQ=
github.com/spf13/cobra v0.0.3 h1:ZlrZ4XsMRm04Fr5pSFxBgfND2EBVa1nLpiy1stUsX/8=
github.com/spf13/cobra v0.0.3/go.mod h1:1l0Ry5zgKvJasoi3XT1TypsSe7PqH0Sj9dhYf7v3XqQ=
github.com/spf13/jwalterweatherman v0.0.0-20180109140146-7c0cea34c8ec h1:2ZXvIUGghLpdTVHR1UfvfrzoVlZaE/yOWC5LueIHZig=
github.com/spf13/jwalterweatherman v0.0.0-20180109140146-7c0cea34c8ec/go.mod h1:cQK4TGJAtQXfYWX+Ddv3mKDzgVb68N+wFjFa4jdeBTo=
github.com/spf13/jwalterweatherman v1.0.0 h1:XHEdyB+EcvlqZamSM4ZOMGlc93t6AcsBEu9Gc1vn7yk=
github.com/spf13/jwalterweatherman v1.0.0/go.mod h1:cQK4TGJAtQXfYWX+Ddv3mKDzgVb68N+wFjFa4jdeBTo=
github.com/spf13/pflag v1.0.1 h1:aCvUg6QPl3ibpQUxyLkrEkCHtPqYJL4x9AuhqVqFis4=
github.com/spf13/pflag v1.0.1/go.mod h1:DYY7MBk1bdzusC3SYhjObp+wFpr4gzcvqqNjLnInEg4=
github.com/spf13/pflag v1.0.3 h1:zPAT6CGy6wXeQ7NtTnaTerfKOsV6V6F8agHXFiazDkg=
github.com/spf13/pflag v1.0.3/go.mod h1:DYY7MBk1bdzusC3SYhjObp+wFpr4gzcvqqNjLnInEg4=
github.com/spf13/viper v1.0.2 h1:Ncr3ZIuJn322w2k1qmzXDnkLAdQMlJqBa9kfAH+irso=
github.com/spf13/viper v1.0.2/go.mod h1:A8kyI5cUJhb8N+3pkfONlcEcZbueH6nhAm0Fq7SrnBM=
github.com/spf13/viper v1.3.1 h1:5+8j8FTpnFV4nEImW/ofkzEt8VoOiLXxdYIDsB73T38=
github.com/spf13/viper v1.3.1/go.mod h1:ZiWeW+zYFKm7srdB9IoDzzZXaJaI5eL9QjNiN/DMA2s=
github.com/streadway/amqp v0.0.0-20180315184602-8e4aba63da9f h1:q//3aFQhyA8sBywUCO9DlDoFZFitzVhnght/YhKrQ6s=
github.com/streadway/amqp v0.0.0-20180315184602-8e4aba63da9f/go.mod h1:1WNBiOZtZQLpVAyu0iTduoJL9hEsMloAK5XWrtW0xdY=
github.com/stretchr/objx v0.1.1/go.mod h1:HFkY916IF+rwdDfMAkV7OtwuqBVzrE8GR6GFx+wExME=
github.com/stretchr/testify v1.2.1/go.mod h1:a8OnRcib4nhh0OaRAV+Yts87kKdq0PP7pXfy6kDkUVs=
github.com/stretchr/testify v1.2.2 h1:bSDNvY7ZPG5RlJ8otE/7V6gMiyenm9RtJ7IUVIAoJ1w=
github.com/stretchr/testify v1.2.2/go.mod h1:a8OnRcib4nhh0OaRAV+Yts87kKdq0PP7pXfy6kDkUVs=
github.com/ugorji/go/codec v0.0.0-20181204163529-d75b2dcb6bc8/go.mod h1:VFNgLljTbGfSG7qAOspJ7OScBnGdDN/yBr0sguwnwf0=
github.com/ugorji/go/codec v0.0.0-20181209151446-772ced7fd4c2/go.mod h1:VFNgLljTbGfSG7qAOspJ7OScBnGdDN/yBr0sguwnwf0=
github.com/xordataexchange/crypt v0.0.3-0.20170626215501-b2862e3d0a77/go.mod h1:aYKd//L2LvnjZzWKhF00oedf4jCCReLcmhLdhm1A27Q=
golang.org/x/crypto v0.0.0-20180505025534-4ec37c66abab/go.mod h1:6SG95UA2DQfeDnfUPMdvaQW0Q7yPrPDi9nlGo2tz2b4=
golang.org/x/crypto v0.0.0-20180509192745-1258d06b9de8 h1:C8B5Y/FNiRRpAkMriYtiUXutVix5V1QjVE8jvkBGd3U=
golang.org/x/crypto v0.0.0-20180509192745-1258d06b9de8/go.mod h1:6SG95UA2DQfeDnfUPMdvaQW0Q7yPrPDi9nlGo2tz2b4=
golang.org/x/crypto v0.0.0-20180904163835-0709b304e793/go.mod h1:6SG95UA2DQfeDnfUPMdvaQW0Q7yPrPDi9nlGo2tz2b4=
golang.org/x/crypto v0.0.0-20181203042331-505ab145d0a9 h1:mKdxBk7AujPs8kU4m80U72y/zjbZ3UcXC7dClwKbUI0=
golang.org/x/crypto v0.0.0-20181203042331-505ab145d0a9/go.mod h1:6SG95UA2DQfeDnfUPMdvaQW0Q7yPrPDi9nlGo2tz2b4=
golang.org/x/net v0.0.0-20180509002218-f73e4c9ed3b7/go.mod h1:mL1N/T3taQHkDXs73rZJwtUhF3w3ftmwwsq0BUmARs4=
golang.org/x/net v0.0.0-20180906233101-161cd47e91fd h1:nTDtHvHSdCn1m6ITfMRqtOd/9+7a3s8RBNOZ3eYZzJA=
golang.org/x/net v0.0.0-20180906233101-161cd47e91fd/go.mod h1:mL1N/T3taQHkDXs73rZJwtUhF3w3ftmwwsq0BUmARs4=
golang.org/x/net v0.0.0-20181220203305-927f97764cc3 h1:eH6Eip3UpmR+yM/qI9Ijluzb1bNv/cAU/n+6l8tRSis=
golang.org/x/net v0.0.0-20181220203305-927f97764cc3/go.mod h1:mL1N/T3taQHkDXs73rZJwtUhF3w3ftmwwsq0BUmARs4=
golang.org/x/sync v0.0.0-20180314180146-1d60e4601c6f/go.mod h1:RxMgew5VJxzue5/jJTE5uejpjVlOe/izrB70Jof72aM=
golang.org/x/sync v0.0.0-20181221193216-37e7f081c4d4/go.mod h1:RxMgew5VJxzue5/jJTE5uejpjVlOe/izrB70Jof72aM=
golang.org/x/sys v0.0.0-20180507135725-7db1c3b1a980 h1:hvqHUTRCXR+FYTkWHUJ1PxgLPanze5d14+1nKGWOi8k=
golang.org/x/sys v0.0.0-20180507135725-7db1c3b1a980/go.mod h1:STP8DvDyc/dI5b8T5hshtkjS+E42TnysNCUPdjciGhY=
golang.org/x/sys v0.0.0-20180905080454-ebe1bf3edb33/go.mod h1:STP8DvDyc/dI5b8T5hshtkjS+E42TnysNCUPdjciGhY=
golang.org/x/sys v0.0.0-20180909124046-d0be0721c37e h1:o3PsSEY8E4eXWkXrIP9YJALUkVZqzHJT5DOasTyn8Vs=
golang.org/x/sys v0.0.0-20180909124046-d0be0721c37e/go.mod h1:STP8DvDyc/dI5b8T5hshtkjS+E42TnysNCUPdjciGhY=
golang.org/x/sys v0.0.0-20181128092732-4ed8d59d0b35/go.mod h1:STP8DvDyc/dI5b8T5hshtkjS+E42TnysNCUPdjciGhY=
golang.org/x/sys v0.0.0-20181205085412-a5c9d58dba9a/go.mod h1:STP8DvDyc/dI5b8T5hshtkjS+E42TnysNCUPdjciGhY=
golang.org/x/sys v0.0.0-20181228144115-9a3f9b0469bb h1:pf3XwC90UUdNPYWZdFjhGBE7DUFuK3Ct1zWmZ65QN30=
golang.org/x/sys v0.0.0-20181228144115-9a3f9b0469bb/go.mod h1:STP8DvDyc/dI5b8T5hshtkjS+E42TnysNCUPdjciGhY=
golang.org/x/text v0.3.0 h1:g61tztE5qeGQ89tm6NTjjM9VPIm088od1l6aSorWRWg=
golang.org/x/text v0.3.0/go.mod h1:NqM8EUOU14njkJ3fqMW+pc6Ldnwhi/IjpwHt7yyuwOQ=
golang.org/x/tools v0.0.0-20180221164845-07fd8470d635/go.mod h1:n7NCudcB/nEzxVGmLbDWY5pfWTLqBcC2KZ6jyYvM4mQ=
golang.org/x/tools v0.0.0-20180826000951-f6ba57429505/go.mod h1:n7NCudcB/nEzxVGmLbDWY5pfWTLqBcC2KZ6jyYvM4mQ=
golang.org/x/tools v0.0.0-20181117154741-2ddaf7f79a09/go.mod h1:n7NCudcB/nEzxVGmLbDWY5pfWTLqBcC2KZ6jyYvM4mQ=
golang.org/x/tools v0.0.0-20181220024903-92cdcd90bf52 h1:oOIe9Zzq27JsS/3ACpGF1HwWnWNflZWT/3EvM7mtcEk=
golang.org/x/tools v0.0.0-20181220024903-92cdcd90bf52/go.mod h1:n7NCudcB/nEzxVGmLbDWY5pfWTLqBcC2KZ6jyYvM4mQ=
golang.org/x/tools v0.0.0-20181221235234-d00ac6d27372 h1:zWPUEY/PjVHT+zO3L8OfkjrtIjf55joTxn/RQP/AjOI=
golang.org/x/tools v0.0.0-20181221235234-d00ac6d27372/go.mod h1:n7NCudcB/nEzxVGmLbDWY5pfWTLqBcC2KZ6jyYvM4mQ=
gopkg.in/airbrake/gobrake.v2 v2.0.9/go.mod h1:/h5ZAUhDkGaJfjzjKLSjv6zCL6O0LLBxU4K+aSYdM/U=
gopkg.in/check.v1 v0.0.0-20161208181325-20d25e280405/go.mod h1:Co6ibVJAznAaIkqp8huTwlJQCZ016jof/cbN4VW5Yz0=
gopkg.in/check.v1 v1.0.0-20180628173108-788fd7840127/go.mod h1:Co6ibVJAznAaIkqp8huTwlJQCZ016jof/cbN4VW5Yz0=
gopkg.in/fsnotify.v1 v1.4.7/go.mod h1:Tz8NjZHkW78fSQdbUxIjBTcgA1z1m8ZHf0WmKUhAMys=
gopkg.in/gemnasium/logrus-airbrake-hook.v2 v2.1.2/go.mod h1:Xk6kEKp8OKb+X14hQBKWaSkCsqBpgog8nAV2xsGOxlo=
gopkg.in/ory-am/dockertest.v3 v3.3.0 h1:ihDG52GmzMoQFrh7VgtW+4/cmmtL1kzlHNERm39TsQw=
gopkg.in/ory-am/dockertest.v3 v3.3.0/go.mod h1:s9mmoLkaGeAh97qygnNj4xWkiN7e1SKekYC6CovU+ek=
gopkg.in/tomb.v1 v1.0.0-20141024135613-dd632973f1e7/go.mod h1:dt/ZhP58zS4L8KSrWDmTeBkI65Dw0HsyUHuEVlX15mw=
gopkg.in/tomb.v2 v2.0.0-20161208151619-d5d1b5820637 h1:yiW+nvdHb9LVqSHQBXfZCieqV4fzYhNBql77zY0ykqs=
gopkg.in/tomb.v2 v2.0.0-20161208151619-d5d1b5820637/go.mod h1:BHsqpu/nsuzkT5BpiH1EMZPLyqSMM8JbIavyFACoFNk=
gopkg.in/yaml.v2 v2.2.1 h1:mUhvW9EsL+naU5Q3cakzfE91YhliOondGd6ZrsDBHQE=
gopkg.in/yaml.v2 v2.2.1/go.mod h1:hI93XBmqTisBFMUTm0b8Fm+jr3Dg1NNxqwp+5A1VGuI=
gopkg.in/yaml.v2 v2.2.2 h1:ZCJp+EgiOT7lHqUV2J862kp8Qj64Jo6az82+3Td9dZw=
gopkg.in/yaml.v2 v2.2.2/go.mod h1:hI93XBmqTisBFMUTm0b8Fm+jr3Dg1NNxqwp+5A1VGuI=
sourcegraph.com/sourcegraph/go-diff v0.0.0-20171119081133-3f415a150aec h1:wAAdENPXC7bE1oxY4VqSDdhaA+XQ8TgQHsZMMnrXjEk=
sourcegraph.com/sourcegraph/go-diff v0.0.0-20171119081133-3f415a150aec/go.mod h1:R09mWeb9JcPbO+A3cYDc11xjz0wp6r9+KnqdqROAoRU=
sourcegraph.com/sourcegraph/go-diff v0.5.0 h1:eTiIR0CoWjGzJcnQ3OkhIl/b9GJovq4lSAVRt0ZFEG8=
sourcegraph.com/sourcegraph/go-diff v0.5.0/go.mod h1:kuch7UrkMzY0X+p9CRK03kfuPQ2zzQcaEFbx8wA8rck=
sourcegraph.com/sqs/pbtypes v0.0.0-20160107090929-4d1b9dc7ffc3 h1:hXy8YsgVLDz5mlngKhNHQhAsAGrSp3dlXZN4b0/4UUI=
sourcegraph.com/sqs/pbtypes v0.0.0-20160107090929-4d1b9dc7ffc3/go.mod h1:ketZ/q3QxT9HOBeFhu6RdvsftgpsbFHBF5Cas6cDKZ0=
sourcegraph.com/sqs/pbtypes v0.0.0-20180604144634-d3ebe8f20ae4/go.mod h1:ketZ/q3QxT9HOBeFhu6RdvsftgpsbFHBF5Cas6cDKZ0=
sourcegraph.com/sqs/pbtypes v1.0.0 h1:f7lAwqviDEGvON4kRv0o5V7FT/IQK+tbkF664XMbP3o=
sourcegraph.com/sqs/pbtypes v1.0.0/go.mod h1:3AciMUv4qUuRHRHhOG4TZOB+72GdPVz5k+c648qsFS4=
